// !$*UTF8*$!
{
	archiveVersion = 1;
	classes = {
	};
	objectVersion = 50;
	objects = {

/* Begin PBXBuildFile section */
		2EDCFB0E1CF542189E3362F8 /* Pods_HotelBookingApp.framework in Frameworks */ = {isa = PBXBuildFile; fileRef = 027B02CA5CDACAD380050A90 /* Pods_HotelBookingApp.framework */; };
		EF2B996A231CF3BA006DE170 /* AppDelegate.swift in Sources */ = {isa = PBXBuildFile; fileRef = EF2B9969231CF3BA006DE170 /* AppDelegate.swift */; };
		EF2B996C231CF3BA006DE170 /* SearchViewController.swift in Sources */ = {isa = PBXBuildFile; fileRef = EF2B996B231CF3BA006DE170 /* SearchViewController.swift */; };
		EF2B996F231CF3BA006DE170 /* Main.storyboard in Resources */ = {isa = PBXBuildFile; fileRef = EF2B996D231CF3BA006DE170 /* Main.storyboard */; };
		EF2B9971231CF3BB006DE170 /* Assets.xcassets in Resources */ = {isa = PBXBuildFile; fileRef = EF2B9970231CF3BB006DE170 /* Assets.xcassets */; };
		EF2B9974231CF3BB006DE170 /* LaunchScreen.storyboard in Resources */ = {isa = PBXBuildFile; fileRef = EF2B9972231CF3BB006DE170 /* LaunchScreen.storyboard */; };
		EF2B9987231CF7F3006DE170 /* HotelTableViewCell.swift in Sources */ = {isa = PBXBuildFile; fileRef = EF2B9985231CF7F3006DE170 /* HotelTableViewCell.swift */; };
		EF2B9988231CF7F3006DE170 /* CustomSectionTableViewCell.xib in Resources */ = {isa = PBXBuildFile; fileRef = EF2B9986231CF7F3006DE170 /* CustomSectionTableViewCell.xib */; };
		EF2B998A231CF818006DE170 /* Extensions.swift in Sources */ = {isa = PBXBuildFile; fileRef = EF2B9989231CF818006DE170 /* Extensions.swift */; };
		EF2B998C231CF82B006DE170 /* AppConstants.swift in Sources */ = {isa = PBXBuildFile; fileRef = EF2B998B231CF82B006DE170 /* AppConstants.swift */; };
		EF2B998E231CF83F006DE170 /* HotelVO.swift in Sources */ = {isa = PBXBuildFile; fileRef = EF2B998D231CF83F006DE170 /* HotelVO.swift */; };
		EF2B9990231CFDAF006DE170 /* HomeViewController.swift in Sources */ = {isa = PBXBuildFile; fileRef = EF2B998F231CFDAF006DE170 /* HomeViewController.swift */; };
		EF2B9993231CFF25006DE170 /* CustomSectionTableViewCell.swift in Sources */ = {isa = PBXBuildFile; fileRef = EF2B9991231CFF25006DE170 /* CustomSectionTableViewCell.swift */; };
		EF2B9994231CFF25006DE170 /* HotelTableViewCell.xib in Resources */ = {isa = PBXBuildFile; fileRef = EF2B9992231CFF25006DE170 /* HotelTableViewCell.xib */; };
		EF2B9996231D13F1006DE170 /* CardView.swift in Sources */ = {isa = PBXBuildFile; fileRef = EF2B9995231D13F1006DE170 /* CardView.swift */; };
		EF2B9999231D8853006DE170 /* SearchItemCollectionViewCell.swift in Sources */ = {isa = PBXBuildFile; fileRef = EF2B9997231D8853006DE170 /* SearchItemCollectionViewCell.swift */; };
		EF2B999A231D8853006DE170 /* SearchItemCollectionViewCell.xib in Resources */ = {isa = PBXBuildFile; fileRef = EF2B9998231D8853006DE170 /* SearchItemCollectionViewCell.xib */; };
		EF2B999D231D8879006DE170 /* OuterTableViewCell.swift in Sources */ = {isa = PBXBuildFile; fileRef = EF2B999B231D8879006DE170 /* OuterTableViewCell.swift */; };
		EF2B999E231D8879006DE170 /* OuterTableViewCell.xib in Resources */ = {isa = PBXBuildFile; fileRef = EF2B999C231D8879006DE170 /* OuterTableViewCell.xib */; };
		EF9D0B9C231F7AC700C3B803 /* Filter.storyboard in Resources */ = {isa = PBXBuildFile; fileRef = EF9D0B9B231F7AC700C3B803 /* Filter.storyboard */; };
		EF9D0B9E231F7AE700C3B803 /* FilterViewController.swift in Sources */ = {isa = PBXBuildFile; fileRef = EF9D0B9D231F7AE700C3B803 /* FilterViewController.swift */; };
		EF9D0BA0231F803D00C3B803 /* CustomButtonView.swift in Sources */ = {isa = PBXBuildFile; fileRef = EF9D0B9F231F803D00C3B803 /* CustomButtonView.swift */; };
		EFDEC475231E718F008981A9 /* SectionHeaderTableViewCell.swift in Sources */ = {isa = PBXBuildFile; fileRef = EFDEC473231E718F008981A9 /* SectionHeaderTableViewCell.swift */; };
		EFDEC476231E718F008981A9 /* SectionHeaderTableViewCell.xib in Resources */ = {isa = PBXBuildFile; fileRef = EFDEC474231E718F008981A9 /* SectionHeaderTableViewCell.xib */; };
/* End PBXBuildFile section */

/* Begin PBXFileReference section */
		027B02CA5CDACAD380050A90 /* Pods_HotelBookingApp.framework */ = {isa = PBXFileReference; explicitFileType = wrapper.framework; includeInIndex = 0; path = Pods_HotelBookingApp.framework; sourceTree = BUILT_PRODUCTS_DIR; };
		363BA192A47EAAA6028C2AEC /* Pods-HotelBookingApp.debug.xcconfig */ = {isa = PBXFileReference; includeInIndex = 1; lastKnownFileType = text.xcconfig; name = "Pods-HotelBookingApp.debug.xcconfig"; path = "Target Support Files/Pods-HotelBookingApp/Pods-HotelBookingApp.debug.xcconfig"; sourceTree = "<group>"; };
		B08744AD86790C61AF5F6622 /* Pods-HotelBookingApp.release.xcconfig */ = {isa = PBXFileReference; includeInIndex = 1; lastKnownFileType = text.xcconfig; name = "Pods-HotelBookingApp.release.xcconfig"; path = "Target Support Files/Pods-HotelBookingApp/Pods-HotelBookingApp.release.xcconfig"; sourceTree = "<group>"; };
		EF2B9966231CF3BA006DE170 /* HotelBookingApp.app */ = {isa = PBXFileReference; explicitFileType = wrapper.application; includeInIndex = 0; path = HotelBookingApp.app; sourceTree = BUILT_PRODUCTS_DIR; };
		EF2B9969231CF3BA006DE170 /* AppDelegate.swift */ = {isa = PBXFileReference; lastKnownFileType = sourcecode.swift; path = AppDelegate.swift; sourceTree = "<group>"; };
		EF2B996B231CF3BA006DE170 /* SearchViewController.swift */ = {isa = PBXFileReference; lastKnownFileType = sourcecode.swift; path = SearchViewController.swift; sourceTree = "<group>"; };
		EF2B996E231CF3BA006DE170 /* Base */ = {isa = PBXFileReference; lastKnownFileType = file.storyboard; name = Base; path = Base.lproj/Main.storyboard; sourceTree = "<group>"; };
		EF2B9970231CF3BB006DE170 /* Assets.xcassets */ = {isa = PBXFileReference; lastKnownFileType = folder.assetcatalog; path = Assets.xcassets; sourceTree = "<group>"; };
		EF2B9973231CF3BB006DE170 /* Base */ = {isa = PBXFileReference; lastKnownFileType = file.storyboard; name = Base; path = Base.lproj/LaunchScreen.storyboard; sourceTree = "<group>"; };
		EF2B9975231CF3BB006DE170 /* Info.plist */ = {isa = PBXFileReference; lastKnownFileType = text.plist.xml; path = Info.plist; sourceTree = "<group>"; };
		EF2B9985231CF7F3006DE170 /* HotelTableViewCell.swift */ = {isa = PBXFileReference; lastKnownFileType = sourcecode.swift; path = HotelTableViewCell.swift; sourceTree = "<group>"; };
		EF2B9986231CF7F3006DE170 /* CustomSectionTableViewCell.xib */ = {isa = PBXFileReference; lastKnownFileType = file.xib; path = CustomSectionTableViewCell.xib; sourceTree = "<group>"; };
		EF2B9989231CF818006DE170 /* Extensions.swift */ = {isa = PBXFileReference; lastKnownFileType = sourcecode.swift; path = Extensions.swift; sourceTree = "<group>"; };
		EF2B998B231CF82B006DE170 /* AppConstants.swift */ = {isa = PBXFileReference; lastKnownFileType = sourcecode.swift; path = AppConstants.swift; sourceTree = "<group>"; };
		EF2B998D231CF83F006DE170 /* HotelVO.swift */ = {isa = PBXFileReference; lastKnownFileType = sourcecode.swift; path = HotelVO.swift; sourceTree = "<group>"; };
		EF2B998F231CFDAF006DE170 /* HomeViewController.swift */ = {isa = PBXFileReference; lastKnownFileType = sourcecode.swift; path = HomeViewController.swift; sourceTree = "<group>"; };
		EF2B9991231CFF25006DE170 /* CustomSectionTableViewCell.swift */ = {isa = PBXFileReference; lastKnownFileType = sourcecode.swift; path = CustomSectionTableViewCell.swift; sourceTree = "<group>"; };
		EF2B9992231CFF25006DE170 /* HotelTableViewCell.xib */ = {isa = PBXFileReference; lastKnownFileType = file.xib; path = HotelTableViewCell.xib; sourceTree = "<group>"; };
		EF2B9995231D13F1006DE170 /* CardView.swift */ = {isa = PBXFileReference; lastKnownFileType = sourcecode.swift; path = CardView.swift; sourceTree = "<group>"; };
		EF2B9997231D8853006DE170 /* SearchItemCollectionViewCell.swift */ = {isa = PBXFileReference; lastKnownFileType = sourcecode.swift; path = SearchItemCollectionViewCell.swift; sourceTree = "<group>"; };
		EF2B9998231D8853006DE170 /* SearchItemCollectionViewCell.xib */ = {isa = PBXFileReference; lastKnownFileType = file.xib; path = SearchItemCollectionViewCell.xib; sourceTree = "<group>"; };
		EF2B999B231D8879006DE170 /* OuterTableViewCell.swift */ = {isa = PBXFileReference; lastKnownFileType = sourcecode.swift; path = OuterTableViewCell.swift; sourceTree = "<group>"; };
		EF2B999C231D8879006DE170 /* OuterTableViewCell.xib */ = {isa = PBXFileReference; lastKnownFileType = file.xib; path = OuterTableViewCell.xib; sourceTree = "<group>"; };
		EF9D0B9B231F7AC700C3B803 /* Filter.storyboard */ = {isa = PBXFileReference; lastKnownFileType = file.storyboard; path = Filter.storyboard; sourceTree = "<group>"; };
		EF9D0B9D231F7AE700C3B803 /* FilterViewController.swift */ = {isa = PBXFileReference; lastKnownFileType = sourcecode.swift; path = FilterViewController.swift; sourceTree = "<group>"; };
		EF9D0B9F231F803D00C3B803 /* CustomButtonView.swift */ = {isa = PBXFileReference; lastKnownFileType = sourcecode.swift; path = CustomButtonView.swift; sourceTree = "<group>"; };
		EFDEC473231E718F008981A9 /* SectionHeaderTableViewCell.swift */ = {isa = PBXFileReference; lastKnownFileType = sourcecode.swift; path = SectionHeaderTableViewCell.swift; sourceTree = "<group>"; };
		EFDEC474231E718F008981A9 /* SectionHeaderTableViewCell.xib */ = {isa = PBXFileReference; lastKnownFileType = file.xib; path = SectionHeaderTableViewCell.xib; sourceTree = "<group>"; };
/* End PBXFileReference section */

/* Begin PBXFrameworksBuildPhase section */
		EF2B9963231CF3BA006DE170 /* Frameworks */ = {
			isa = PBXFrameworksBuildPhase;
			buildActionMask = 2147483647;
			files = (
				2EDCFB0E1CF542189E3362F8 /* Pods_HotelBookingApp.framework in Frameworks */,
			);
			runOnlyForDeploymentPostprocessing = 0;
		};
/* End PBXFrameworksBuildPhase section */

/* Begin PBXGroup section */
		971F26973C33B5AF7DBC3125 /* Pods */ = {
			isa = PBXGroup;
			children = (
				363BA192A47EAAA6028C2AEC /* Pods-HotelBookingApp.debug.xcconfig */,
				B08744AD86790C61AF5F6622 /* Pods-HotelBookingApp.release.xcconfig */,
			);
			path = Pods;
			sourceTree = "<group>";
		};
		E05AA574F7D745EF87B5490A /* Frameworks */ = {
			isa = PBXGroup;
			children = (
				027B02CA5CDACAD380050A90 /* Pods_HotelBookingApp.framework */,
			);
			name = Frameworks;
			sourceTree = "<group>";
		};
		EF2B995D231CF3BA006DE170 = {
			isa = PBXGroup;
			children = (
				EF2B9968231CF3BA006DE170 /* HotelBookingApp */,
				EF2B9967231CF3BA006DE170 /* Products */,
				971F26973C33B5AF7DBC3125 /* Pods */,
				E05AA574F7D745EF87B5490A /* Frameworks */,
			);
			sourceTree = "<group>";
		};
		EF2B9967231CF3BA006DE170 /* Products */ = {
			isa = PBXGroup;
			children = (
				EF2B9966231CF3BA006DE170 /* HotelBookingApp.app */,
			);
			name = Products;
			sourceTree = "<group>";
		};
		EF2B9968231CF3BA006DE170 /* HotelBookingApp */ = {
			isa = PBXGroup;
			children = (
				EF2B9981231CF403006DE170 /* data */,
				EF2B997F231CF3E7006DE170 /* cells */,
				EF2B997E231CF3E1006DE170 /* utils */,
				EF2B997D231CF3DA006DE170 /* components */,
				EF2B997C231CF3CF006DE170 /* viewcontrollers */,
				EF2B997B231CF3C4006DE170 /* storyboards */,
				EF2B9969231CF3BA006DE170 /* AppDelegate.swift */,
				EF2B9970231CF3BB006DE170 /* Assets.xcassets */,
				EF2B9972231CF3BB006DE170 /* LaunchScreen.storyboard */,
				EF2B9975231CF3BB006DE170 /* Info.plist */,
			);
			path = HotelBookingApp;
			sourceTree = "<group>";
		};
		EF2B997B231CF3C4006DE170 /* storyboards */ = {
			isa = PBXGroup;
			children = (
				EF2B996D231CF3BA006DE170 /* Main.storyboard */,
				EF9D0B9B231F7AC700C3B803 /* Filter.storyboard */,
			);
			path = storyboards;
			sourceTree = "<group>";
		};
		EF2B997C231CF3CF006DE170 /* viewcontrollers */ = {
			isa = PBXGroup;
			children = (
				EF2B996B231CF3BA006DE170 /* SearchViewController.swift */,
				EF2B998F231CFDAF006DE170 /* HomeViewController.swift */,
				EF9D0B9D231F7AE700C3B803 /* FilterViewController.swift */,
			);
			path = viewcontrollers;
			sourceTree = "<group>";
		};
		EF2B997D231CF3DA006DE170 /* components */ = {
			isa = PBXGroup;
			children = (
				EF2B9995231D13F1006DE170 /* CardView.swift */,
				EF9D0B9F231F803D00C3B803 /* CustomButtonView.swift */,
			);
			path = components;
			sourceTree = "<group>";
		};
		EF2B997E231CF3E1006DE170 /* utils */ = {
			isa = PBXGroup;
			children = (
				EF2B9989231CF818006DE170 /* Extensions.swift */,
				EF2B998B231CF82B006DE170 /* AppConstants.swift */,
			);
			path = utils;
			sourceTree = "<group>";
		};
		EF2B997F231CF3E7006DE170 /* cells */ = {
			isa = PBXGroup;
			children = (
				EF2B9984231CF41D006DE170 /* xibs */,
				EF2B9983231CF417006DE170 /* swifts */,
			);
			path = cells;
			sourceTree = "<group>";
		};
		EF2B9981231CF403006DE170 /* data */ = {
			isa = PBXGroup;
			children = (
				EF2B9982231CF408006DE170 /* vos */,
			);
			path = data;
			sourceTree = "<group>";
		};
		EF2B9982231CF408006DE170 /* vos */ = {
			isa = PBXGroup;
			children = (
				EF2B998D231CF83F006DE170 /* HotelVO.swift */,
			);
			path = vos;
			sourceTree = "<group>";
		};
		EF2B9983231CF417006DE170 /* swifts */ = {
			isa = PBXGroup;
			children = (
				EF2B9997231D8853006DE170 /* SearchItemCollectionViewCell.swift */,
				EF2B9985231CF7F3006DE170 /* HotelTableViewCell.swift */,
				EFDEC473231E718F008981A9 /* SectionHeaderTableViewCell.swift */,
				EF2B9991231CFF25006DE170 /* CustomSectionTableViewCell.swift */,
				EF2B999B231D8879006DE170 /* OuterTableViewCell.swift */,
			);
			path = swifts;
			sourceTree = "<group>";
		};
		EF2B9984231CF41D006DE170 /* xibs */ = {
			isa = PBXGroup;
			children = (
				EF2B9986231CF7F3006DE170 /* CustomSectionTableViewCell.xib */,
				EF2B9992231CFF25006DE170 /* HotelTableViewCell.xib */,
				EF2B9998231D8853006DE170 /* SearchItemCollectionViewCell.xib */,
				EF2B999C231D8879006DE170 /* OuterTableViewCell.xib */,
				EFDEC474231E718F008981A9 /* SectionHeaderTableViewCell.xib */,
			);
			path = xibs;
			sourceTree = "<group>";
		};
/* End PBXGroup section */

/* Begin PBXNativeTarget section */
		EF2B9965231CF3BA006DE170 /* HotelBookingApp */ = {
			isa = PBXNativeTarget;
			buildConfigurationList = EF2B9978231CF3BB006DE170 /* Build configuration list for PBXNativeTarget "HotelBookingApp" */;
			buildPhases = (
				81DCBA17EC2A26B66004B3E7 /* [CP] Check Pods Manifest.lock */,
				EF2B9962231CF3BA006DE170 /* Sources */,
				EF2B9963231CF3BA006DE170 /* Frameworks */,
				EF2B9964231CF3BA006DE170 /* Resources */,
				FB1E34F9BEB53D7082AE8758 /* [CP] Embed Pods Frameworks */,
			);
			buildRules = (
			);
			dependencies = (
			);
			name = HotelBookingApp;
			productName = HotelBookingApp;
			productReference = EF2B9966231CF3BA006DE170 /* HotelBookingApp.app */;
			productType = "com.apple.product-type.application";
		};
/* End PBXNativeTarget section */

/* Begin PBXProject section */
		EF2B995E231CF3BA006DE170 /* Project object */ = {
			isa = PBXProject;
			attributes = {
				LastSwiftUpdateCheck = 1030;
				LastUpgradeCheck = 1030;
				ORGANIZATIONNAME = SLH;
				TargetAttributes = {
					EF2B9965231CF3BA006DE170 = {
						CreatedOnToolsVersion = 10.3;
					};
				};
			};
			buildConfigurationList = EF2B9961231CF3BA006DE170 /* Build configuration list for PBXProject "HotelBookingApp" */;
			compatibilityVersion = "Xcode 9.3";
			developmentRegion = en;
			hasScannedForEncodings = 0;
			knownRegions = (
				en,
				Base,
			);
			mainGroup = EF2B995D231CF3BA006DE170;
			productRefGroup = EF2B9967231CF3BA006DE170 /* Products */;
			projectDirPath = "";
			projectRoot = "";
			targets = (
				EF2B9965231CF3BA006DE170 /* HotelBookingApp */,
			);
		};
/* End PBXProject section */

/* Begin PBXResourcesBuildPhase section */
		EF2B9964231CF3BA006DE170 /* Resources */ = {
			isa = PBXResourcesBuildPhase;
			buildActionMask = 2147483647;
			files = (
				EFDEC476231E718F008981A9 /* SectionHeaderTableViewCell.xib in Resources */,
				EF2B999E231D8879006DE170 /* OuterTableViewCell.xib in Resources */,
				EF9D0B9C231F7AC700C3B803 /* Filter.storyboard in Resources */,
				EF2B9974231CF3BB006DE170 /* LaunchScreen.storyboard in Resources */,
				EF2B9971231CF3BB006DE170 /* Assets.xcassets in Resources */,
				EF2B999A231D8853006DE170 /* SearchItemCollectionViewCell.xib in Resources */,
				EF2B9994231CFF25006DE170 /* HotelTableViewCell.xib in Resources */,
				EF2B996F231CF3BA006DE170 /* Main.storyboard in Resources */,
				EF2B9988231CF7F3006DE170 /* CustomSectionTableViewCell.xib in Resources */,
			);
			runOnlyForDeploymentPostprocessing = 0;
		};
/* End PBXResourcesBuildPhase section */

/* Begin PBXShellScriptBuildPhase section */
		81DCBA17EC2A26B66004B3E7 /* [CP] Check Pods Manifest.lock */ = {
			isa = PBXShellScriptBuildPhase;
			buildActionMask = 2147483647;
			files = (
			);
			inputFileListPaths = (
			);
			inputPaths = (
				"${PODS_PODFILE_DIR_PATH}/Podfile.lock",
				"${PODS_ROOT}/Manifest.lock",
			);
			name = "[CP] Check Pods Manifest.lock";
			outputFileListPaths = (
			);
			outputPaths = (
				"$(DERIVED_FILE_DIR)/Pods-HotelBookingApp-checkManifestLockResult.txt",
			);
			runOnlyForDeploymentPostprocessing = 0;
			shellPath = /bin/sh;
			shellScript = "diff \"${PODS_PODFILE_DIR_PATH}/Podfile.lock\" \"${PODS_ROOT}/Manifest.lock\" > /dev/null\nif [ $? != 0 ] ; then\n    # print error to STDERR\n    echo \"error: The sandbox is not in sync with the Podfile.lock. Run 'pod install' or update your CocoaPods installation.\" >&2\n    exit 1\nfi\n# This output is used by Xcode 'outputs' to avoid re-running this script phase.\necho \"SUCCESS\" > \"${SCRIPT_OUTPUT_FILE_0}\"\n";
			showEnvVarsInLog = 0;
		};
		FB1E34F9BEB53D7082AE8758 /* [CP] Embed Pods Frameworks */ = {
			isa = PBXShellScriptBuildPhase;
			buildActionMask = 2147483647;
			files = (
			);
			inputFileListPaths = (
			);
			inputPaths = (
				"${PODS_ROOT}/Target Support Files/Pods-HotelBookingApp/Pods-HotelBookingApp-frameworks.sh",
				"${BUILT_PRODUCTS_DIR}/FittedSheets/FittedSheets.framework",
				"${BUILT_PRODUCTS_DIR}/SDWebImage/SDWebImage.framework",
			);
			name = "[CP] Embed Pods Frameworks";
			outputFileListPaths = (
			);
			outputPaths = (
				"${TARGET_BUILD_DIR}/${FRAMEWORKS_FOLDER_PATH}/FittedSheets.framework",
				"${TARGET_BUILD_DIR}/${FRAMEWORKS_FOLDER_PATH}/SDWebImage.framework",
			);
			runOnlyForDeploymentPostprocessing = 0;
			shellPath = /bin/sh;
			shellScript = "\"${PODS_ROOT}/Target Support Files/Pods-HotelBookingApp/Pods-HotelBookingApp-frameworks.sh\"\n";
			showEnvVarsInLog = 0;
		};
/* End PBXShellScriptBuildPhase section */

/* Begin PBXSourcesBuildPhase section */
		EF2B9962231CF3BA006DE170 /* Sources */ = {
			isa = PBXSourcesBuildPhase;
			buildActionMask = 2147483647;
			files = (
				EFDEC475231E718F008981A9 /* SectionHeaderTableViewCell.swift in Sources */,
				EF2B999D231D8879006DE170 /* OuterTableViewCell.swift in Sources */,
				EF2B998E231CF83F006DE170 /* HotelVO.swift in Sources */,
				EF2B9996231D13F1006DE170 /* CardView.swift in Sources */,
				EF2B996C231CF3BA006DE170 /* SearchViewController.swift in Sources */,
				EF2B9999231D8853006DE170 /* SearchItemCollectionViewCell.swift in Sources */,
				EF2B996A231CF3BA006DE170 /* AppDelegate.swift in Sources */,
				EF9D0B9E231F7AE700C3B803 /* FilterViewController.swift in Sources */,
				EF9D0BA0231F803D00C3B803 /* CustomButtonView.swift in Sources */,
				EF2B9987231CF7F3006DE170 /* HotelTableViewCell.swift in Sources */,
				EF2B9993231CFF25006DE170 /* CustomSectionTableViewCell.swift in Sources */,
				EF2B998A231CF818006DE170 /* Extensions.swift in Sources */,
				EF2B9990231CFDAF006DE170 /* HomeViewController.swift in Sources */,
				EF2B998C231CF82B006DE170 /* AppConstants.swift in Sources */,
			);
			runOnlyForDeploymentPostprocessing = 0;
		};
/* End PBXSourcesBuildPhase section */

/* Begin PBXVariantGroup section */
		EF2B996D231CF3BA006DE170 /* Main.storyboard */ = {
			isa = PBXVariantGroup;
			children = (
				EF2B996E231CF3BA006DE170 /* Base */,
			);
			name = Main.storyboard;
			sourceTree = "<group>";
		};
		EF2B9972231CF3BB006DE170 /* LaunchScreen.storyboard */ = {
			isa = PBXVariantGroup;
			children = (
				EF2B9973231CF3BB006DE170 /* Base */,
			);
			name = LaunchScreen.storyboard;
			sourceTree = "<group>";
		};
/* End PBXVariantGroup section */

/* Begin XCBuildConfiguration section */
		EF2B9976231CF3BB006DE170 /* Debug */ = {
			isa = XCBuildConfiguration;
			buildSettings = {
				ALWAYS_SEARCH_USER_PATHS = NO;
				CLANG_ANALYZER_NONNULL = YES;
				CLANG_ANALYZER_NUMBER_OBJECT_CONVERSION = YES_AGGRESSIVE;
				CLANG_CXX_LANGUAGE_STANDARD = "gnu++14";
				CLANG_CXX_LIBRARY = "libc++";
				CLANG_ENABLE_MODULES = YES;
				CLANG_ENABLE_OBJC_ARC = YES;
				CLANG_ENABLE_OBJC_WEAK = YES;
				CLANG_WARN_BLOCK_CAPTURE_AUTORELEASING = YES;
				CLANG_WARN_BOOL_CONVERSION = YES;
				CLANG_WARN_COMMA = YES;
				CLANG_WARN_CONSTANT_CONVERSION = YES;
				CLANG_WARN_DEPRECATED_OBJC_IMPLEMENTATIONS = YES;
				CLANG_WARN_DIRECT_OBJC_ISA_USAGE = YES_ERROR;
				CLANG_WARN_DOCUMENTATION_COMMENTS = YES;
				CLANG_WARN_EMPTY_BODY = YES;
				CLANG_WARN_ENUM_CONVERSION = YES;
				CLANG_WARN_INFINITE_RECURSION = YES;
				CLANG_WARN_INT_CONVERSION = YES;
				CLANG_WARN_NON_LITERAL_NULL_CONVERSION = YES;
				CLANG_WARN_OBJC_IMPLICIT_RETAIN_SELF = YES;
				CLANG_WARN_OBJC_LITERAL_CONVERSION = YES;
				CLANG_WARN_OBJC_ROOT_CLASS = YES_ERROR;
				CLANG_WARN_RANGE_LOOP_ANALYSIS = YES;
				CLANG_WARN_STRICT_PROTOTYPES = YES;
				CLANG_WARN_SUSPICIOUS_MOVE = YES;
				CLANG_WARN_UNGUARDED_AVAILABILITY = YES_AGGRESSIVE;
				CLANG_WARN_UNREACHABLE_CODE = YES;
				CLANG_WARN__DUPLICATE_METHOD_MATCH = YES;
				CODE_SIGN_IDENTITY = "iPhone Developer";
				COPY_PHASE_STRIP = NO;
				DEBUG_INFORMATION_FORMAT = dwarf;
				ENABLE_STRICT_OBJC_MSGSEND = YES;
				ENABLE_TESTABILITY = YES;
				GCC_C_LANGUAGE_STANDARD = gnu11;
				GCC_DYNAMIC_NO_PIC = NO;
				GCC_NO_COMMON_BLOCKS = YES;
				GCC_OPTIMIZATION_LEVEL = 0;
				GCC_PREPROCESSOR_DEFINITIONS = (
					"DEBUG=1",
					"$(inherited)",
				);
				GCC_WARN_64_TO_32_BIT_CONVERSION = YES;
				GCC_WARN_ABOUT_RETURN_TYPE = YES_ERROR;
				GCC_WARN_UNDECLARED_SELECTOR = YES;
				GCC_WARN_UNINITIALIZED_AUTOS = YES_AGGRESSIVE;
				GCC_WARN_UNUSED_FUNCTION = YES;
				GCC_WARN_UNUSED_VARIABLE = YES;
				IPHONEOS_DEPLOYMENT_TARGET = 12.4;
				MTL_ENABLE_DEBUG_INFO = INCLUDE_SOURCE;
				MTL_FAST_MATH = YES;
				ONLY_ACTIVE_ARCH = YES;
				SDKROOT = iphoneos;
				SWIFT_ACTIVE_COMPILATION_CONDITIONS = DEBUG;
				SWIFT_OPTIMIZATION_LEVEL = "-Onone";
			};
			name = Debug;
		};
		EF2B9977231CF3BB006DE170 /* Release */ = {
			isa = XCBuildConfiguration;
			buildSettings = {
				ALWAYS_SEARCH_USER_PATHS = NO;
				CLANG_ANALYZER_NONNULL = YES;
				CLANG_ANALYZER_NUMBER_OBJECT_CONVERSION = YES_AGGRESSIVE;
				CLANG_CXX_LANGUAGE_STANDARD = "gnu++14";
				CLANG_CXX_LIBRARY = "libc++";
				CLANG_ENABLE_MODULES = YES;
				CLANG_ENABLE_OBJC_ARC = YES;
				CLANG_ENABLE_OBJC_WEAK = YES;
				CLANG_WARN_BLOCK_CAPTURE_AUTORELEASING = YES;
				CLANG_WARN_BOOL_CONVERSION = YES;
				CLANG_WARN_COMMA = YES;
				CLANG_WARN_CONSTANT_CONVERSION = YES;
				CLANG_WARN_DEPRECATED_OBJC_IMPLEMENTATIONS = YES;
				CLANG_WARN_DIRECT_OBJC_ISA_USAGE = YES_ERROR;
				CLANG_WARN_DOCUMENTATION_COMMENTS = YES;
				CLANG_WARN_EMPTY_BODY = YES;
				CLANG_WARN_ENUM_CONVERSION = YES;
				CLANG_WARN_INFINITE_RECURSION = YES;
				CLANG_WARN_INT_CONVERSION = YES;
				CLANG_WARN_NON_LITERAL_NULL_CONVERSION = YES;
				CLANG_WARN_OBJC_IMPLICIT_RETAIN_SELF = YES;
				CLANG_WARN_OBJC_LITERAL_CONVERSION = YES;
				CLANG_WARN_OBJC_ROOT_CLASS = YES_ERROR;
				CLANG_WARN_RANGE_LOOP_ANALYSIS = YES;
				CLANG_WARN_STRICT_PROTOTYPES = YES;
				CLANG_WARN_SUSPICIOUS_MOVE = YES;
				CLANG_WARN_UNGUARDED_AVAILABILITY = YES_AGGRESSIVE;
				CLANG_WARN_UNREACHABLE_CODE = YES;
				CLANG_WARN__DUPLICATE_METHOD_MATCH = YES;
				CODE_SIGN_IDENTITY = "iPhone Developer";
				COPY_PHASE_STRIP = NO;
				DEBUG_INFORMATION_FORMAT = "dwarf-with-dsym";
				ENABLE_NS_ASSERTIONS = NO;
				ENABLE_STRICT_OBJC_MSGSEND = YES;
				GCC_C_LANGUAGE_STANDARD = gnu11;
				GCC_NO_COMMON_BLOCKS = YES;
				GCC_WARN_64_TO_32_BIT_CONVERSION = YES;
				GCC_WARN_ABOUT_RETURN_TYPE = YES_ERROR;
				GCC_WARN_UNDECLARED_SELECTOR = YES;
				GCC_WARN_UNINITIALIZED_AUTOS = YES_AGGRESSIVE;
				GCC_WARN_UNUSED_FUNCTION = YES;
				GCC_WARN_UNUSED_VARIABLE = YES;
				IPHONEOS_DEPLOYMENT_TARGET = 12.4;
				MTL_ENABLE_DEBUG_INFO = NO;
				MTL_FAST_MATH = YES;
				SDKROOT = iphoneos;
				SWIFT_COMPILATION_MODE = wholemodule;
				SWIFT_OPTIMIZATION_LEVEL = "-O";
				VALIDATE_PRODUCT = YES;
			};
			name = Release;
		};
		EF2B9979231CF3BB006DE170 /* Debug */ = {
			isa = XCBuildConfiguration;
			baseConfigurationReference = 363BA192A47EAAA6028C2AEC /* Pods-HotelBookingApp.debug.xcconfig */;
			buildSettings = {
				ASSETCATALOG_COMPILER_APPICON_NAME = AppIcon;
				CODE_SIGN_STYLE = Automatic;
				INFOPLIST_FILE = HotelBookingApp/Info.plist;
				LD_RUNPATH_SEARCH_PATHS = (
					"$(inherited)",
					"@executable_path/Frameworks",
				);
				PRODUCT_BUNDLE_IDENTIFIER = com.padc.HotelBookingApp;
				PRODUCT_NAME = "$(TARGET_NAME)";
				SWIFT_VERSION = 5.0;
				TARGETED_DEVICE_FAMILY = "1,2";
			};
			name = Debug;
		};
		EF2B997A231CF3BB006DE170 /* Release */ = {
			isa = XCBuildConfiguration;
			baseConfigurationReference = B08744AD86790C61AF5F6622 /* Pods-HotelBookingApp.release.xcconfig */;
			buildSettings = {
				ASSETCATALOG_COMPILER_APPICON_NAME = AppIcon;
				CODE_SIGN_STYLE = Automatic;
				INFOPLIST_FILE = HotelBookingApp/Info.plist;
				LD_RUNPATH_SEARCH_PATHS = (
					"$(inherited)",
					"@executable_path/Frameworks",
				);
				PRODUCT_BUNDLE_IDENTIFIER = com.padc.HotelBookingApp;
				PRODUCT_NAME = "$(TARGET_NAME)";
				SWIFT_VERSION = 5.0;
				TARGETED_DEVICE_FAMILY = "1,2";
			};
			name = Release;
		};
/* End XCBuildConfiguration section */

/* Begin XCConfigurationList section */
		EF2B9961231CF3BA006DE170 /* Build configuration list for PBXProject "HotelBookingApp" */ = {
			isa = XCConfigurationList;
			buildConfigurations = (
				EF2B9976231CF3BB006DE170 /* Debug */,
				EF2B9977231CF3BB006DE170 /* Release */,
			);
			defaultConfigurationIsVisible = 0;
			defaultConfigurationName = Release;
		};
		EF2B9978231CF3BB006DE170 /* Build configuration list for PBXNativeTarget "HotelBookingApp" */ = {
			isa = XCConfigurationList;
			buildConfigurations = (
				EF2B9979231CF3BB006DE170 /* Debug */,
				EF2B997A231CF3BB006DE170 /* Release */,
			);
			defaultConfigurationIsVisible = 0;
			defaultConfigurationName = Release;
		};
/* End XCConfigurationList section */
	};
	rootObject = EF2B995E231CF3BA006DE170 /* Project object */;
}
